
Microsoft Visual Studio Solution File, Format Version 12.00
# Visual Studio Version 17
VisualStudioVersion = 17.11.35005.142
MinimumVisualStudioVersion = 10.0.40219.1
Project("{FAE04EC0-301F-11D3-BF4B-00C04F79EFBC}") = "LocalAIInteractions", "LocalAIInteractions.csproj", "{DFA51FBC-2F70-4CA3-A55E-90CFDA9C5929}"
EndProject
Project("{FAE04EC0-301F-11D3-BF4B-00C04F79EFBC}") = "LocalAITesting", "..\LocalAITesting\LocalAITesting.csproj", "{BB79D3D4-C3D5-4DDB-8B27-2C47F548AF9C}"
EndProject
Global
	GlobalSection(SolutionConfigurationPlatforms) = preSolution
		Debug|Any CPU = Debug|Any CPU
		Release|Any CPU = Release|Any CPU
	EndGlobalSection
	GlobalSection(ProjectConfigurationPlatforms) = postSolution
		{DFA51FBC-2F70-4CA3-A55E-90CFDA9C5929}.Debug|Any CPU.ActiveCfg = Debug|Any CPU
		{DFA51FBC-2F70-4CA3-A55E-90CFDA9C5929}.Debug|Any CPU.Build.0 = Debug|Any CPU
		{DFA51FBC-2F70-4CA3-A55E-90CFDA9C5929}.Release|Any CPU.ActiveCfg = Release|Any CPU
		{DFA51FBC-2F70-4CA3-A55E-90CFDA9C5929}.Release|Any CPU.Build.0 = Release|Any CPU
		{BB79D3D4-C3D5-4DDB-8B27-2C47F548AF9C}.Debug|Any CPU.ActiveCfg = Debug|Any CPU
		{BB79D3D4-C3D5-4DDB-8B27-2C47F548AF9C}.Debug|Any CPU.Build.0 = Debug|Any CPU
		{BB79D3D4-C3D5-4DDB-8B27-2C47F548AF9C}.Release|Any CPU.ActiveCfg = Release|Any CPU
		{BB79D3D4-C3D5-4DDB-8B27-2C47F548AF9C}.Release|Any CPU.Build.0 = Release|Any CPU
	EndGlobalSection
	GlobalSection(SolutionProperties) = preSolution
		HideSolutionNode = FALSE
	EndGlobalSection
	GlobalSection(ExtensibilityGlobals) = postSolution
		SolutionGuid = {7C0B8A81-B21D-40DF-9A64-E854975E1155}
	EndGlobalSection
EndGlobal
